
Microsoft Visual Studio Solution File, Format Version 12.00
# Visual Studio Version 16
VisualStudioVersion = 16.0.29123.89
MinimumVisualStudioVersion = 10.0.40219.1
Project("{FAE04EC0-301F-11D3-BF4B-00C04F79EFBC}") = "WorkerDock", "WorkerDock\WorkerDock.csproj", "{F72AEED9-2BF8-4EF1-AF23-AF03F8D8BDD0}"
EndProject
Global
	GlobalSection(SolutionConfigurationPlatforms) = preSolution
		Debug|Any CPU = Debug|Any CPU
		Release|Any CPU = Release|Any CPU
	EndGlobalSection
	GlobalSection(ProjectConfigurationPlatforms) = postSolution
		{F72AEED9-2BF8-4EF1-AF23-AF03F8D8BDD0}.Debug|Any CPU.ActiveCfg = Debug|Any CPU
		{F72AEED9-2BF8-4EF1-AF23-AF03F8D8BDD0}.Debug|Any CPU.Build.0 = Debug|Any CPU
		{F72AEED9-2BF8-4EF1-AF23-AF03F8D8BDD0}.Release|Any CPU.ActiveCfg = Release|Any CPU
		{F72AEED9-2BF8-4EF1-AF23-AF03F8D8BDD0}.Release|Any CPU.Build.0 = Release|Any CPU
	EndGlobalSection
	GlobalSection(SolutionProperties) = preSolution
		HideSolutionNode = FALSE
	EndGlobalSection
	GlobalSection(ExtensibilityGlobals) = postSolution
		SolutionGuid = {0C06F9F9-F3E1-41EF-914F-774F16023A19}
	EndGlobalSection
EndGlobal
